
Microsoft Visual Studio Solution File, Format Version 12.00
# Visual Studio Version 17
VisualStudioVersion = 17.7.34031.279
MinimumVisualStudioVersion = 10.0.40219.1
Project("{FAE04EC0-301F-11D3-BF4B-00C04F79EFBC}") = "SumSubWebhook", "SumSubWebhook\SumSubWebhook.csproj", "{EBE4FFDC-052D-49DF-AFCC-BED132A82B76}"
EndProject
Project("{FAE04EC0-301F-11D3-BF4B-00C04F79EFBC}") = "SumSubWebhook.Tests", "SumSubWebhook.Tests\SumSubWebhook.Tests.csproj", "{3E120DDE-AC90-4371-96D4-0FBC8998B9A2}"
EndProject
Global
	GlobalSection(SolutionConfigurationPlatforms) = preSolution
		Debug|Any CPU = Debug|Any CPU
		Release|Any CPU = Release|Any CPU
	EndGlobalSection
	GlobalSection(ProjectConfigurationPlatforms) = postSolution
		{EBE4FFDC-052D-49DF-AFCC-BED132A82B76}.Debug|Any CPU.ActiveCfg = Debug|Any CPU
		{EBE4FFDC-052D-49DF-AFCC-BED132A82B76}.Debug|Any CPU.Build.0 = Debug|Any CPU
		{EBE4FFDC-052D-49DF-AFCC-BED132A82B76}.Release|Any CPU.ActiveCfg = Release|Any CPU
		{EBE4FFDC-052D-49DF-AFCC-BED132A82B76}.Release|Any CPU.Build.0 = Release|Any CPU
		{3E120DDE-AC90-4371-96D4-0FBC8998B9A2}.Debug|Any CPU.ActiveCfg = Debug|Any CPU
		{3E120DDE-AC90-4371-96D4-0FBC8998B9A2}.Debug|Any CPU.Build.0 = Debug|Any CPU
		{3E120DDE-AC90-4371-96D4-0FBC8998B9A2}.Release|Any CPU.ActiveCfg = Release|Any CPU
		{3E120DDE-AC90-4371-96D4-0FBC8998B9A2}.Release|Any CPU.Build.0 = Release|Any CPU
	EndGlobalSection
	GlobalSection(SolutionProperties) = preSolution
		HideSolutionNode = FALSE
	EndGlobalSection
	GlobalSection(ExtensibilityGlobals) = postSolution
		SolutionGuid = {BD958572-D136-4C96-AFBD-969331BFEA29}
	EndGlobalSection
EndGlobal
